// !$*UTF8*$!
{
	archiveVersion = 1;
	classes = {
	};
	objectVersion = 77;
	objects = {

/* Begin PBXContainerItemProxy section */
		FFCFD5AD2F7DE43400EAA443 /* PBXContainerItemProxy */ = {
			isa = PBXContainerItemProxy;
			containerPortal = FFCFD5972F7DE43200EAA443 /* Project object */;
			proxyType = 1;
			remoteGlobalIDString = FFCFD59E2F7DE43300EAA443;
			remoteInfo = CryptoPlusSwiftUI;
		};
		FFCFD5B72F7DE43400EAA443 /* PBXContainerItemProxy */ = {
			isa = PBXContainerItemProxy;
			containerPortal = FFCFD5972F7DE43200EAA443 /* Project object */;
			proxyType = 1;
			remoteGlobalIDString = FFCFD59E2F7DE43300EAA443;
			remoteInfo = CryptoPlusSwiftUI;
		};
/* End PBXContainerItemProxy section */

/* Begin PBXFileReference section */
		FFCFD59F2F7DE43300EAA443 /* CryptoPlusSwiftUI.app */ = {isa = PBXFileReference; explicitFileType = wrapper.application; includeInIndex = 0; path = CryptoPlusSwiftUI.app; sourceTree = BUILT_PRODUCTS_DIR; };
		FFCFD5AC2F7DE43400EAA443 /* CryptoPlusSwiftUITests.xctest */ = {isa = PBXFileReference; explicitFileType = wrapper.cfbundle; includeInIndex = 0; path = CryptoPlusSwiftUITests.xctest; sourceTree = BUILT_PRODUCTS_DIR; };
		FFCFD5B62F7DE43400EAA443 /* CryptoPlusSwiftUIUITests.xctest */ = {isa = PBXFileReference; explicitFileType = wrapper.cfbundle; includeInIndex = 0; path = CryptoPlusSwiftUIUITests.xctest; sourceTree = BUILT_PRODUCTS_DIR; };
/* End PBXFileReference section */

/* Begin PBXFileSystemSynchronizedRootGroup section */
		FFCFD5A12F7DE43300EAA443 /* CryptoPlusSwiftUI */ = {
			isa = PBXFileSystemSynchronizedRootGroup;
			path = CryptoPlusSwiftUI;
			sourceTree = "<group>";
		};
		FFCFD5AF2F7DE43400EAA443 /* CryptoPlusSwiftUITests */ = {
			isa = PBXFileSystemSynchronizedRootGroup;
			path = CryptoPlusSwiftUITests;
			sourceTree = "<group>";
		};
		FFCFD5B92F7DE43400EAA443 /* CryptoPlusSwiftUIUITests */ = {
			isa = PBXFileSystemSynchronizedRootGroup;
			path = CryptoPlusSwiftUIUITests;
			sourceTree = "<group>";
		};
/* End PBXFileSystemSynchronizedRootGroup section */

/* Begin PBXFrameworksBuildPhase section */
		FFCFD59C2F7DE43300EAA443 /* Frameworks */ = {
			isa = PBXFrameworksBuildPhase;
			buildActionMask = 2147483647;
			files = (
			);
			runOnlyForDeploymentPostprocessing = 0;
		};
		FFCFD5A92F7DE43400EAA443 /* Frameworks */ = {
			isa = PBXFrameworksBuildPhase;
			buildActionMask = 2147483647;
			files = (
			);
			runOnlyForDeploymentPostprocessing = 0;
		};
		FFCFD5B32F7DE43400EAA443 /* Frameworks */ = {
			isa = PBXFrameworksBuildPhase;
			buildActionMask = 2147483647;
			files = (
			);
			runOnlyForDeploymentPostprocessing = 0;
		};
/* End PBXFrameworksBuildPhase section */

/* Begin PBXGroup section */
		FFCFD5962F7DE43200EAA443 = {
			isa = PBXGroup;
			children = (
				FFCFD5A12F7DE43300EAA443 /* CryptoPlusSwiftUI */,
				FFCFD5AF2F7DE43400EAA443 /* CryptoPlusSwiftUITests */,
				FFCFD5B92F7DE43400EAA443 /* CryptoPlusSwiftUIUITests */,
				FFCFD5A02F7DE43300EAA443 /* Products */,
			);
			sourceTree = "<group>";
		};
		FFCFD5A02F7DE43300EAA443 /* Products */ = {
			isa = PBXGroup;
			children = (
				FFCFD59F2F7DE43300EAA443 /* CryptoPlusSwiftUI.app */,
				FFCFD5AC2F7DE43400EAA443 /* CryptoPlusSwiftUITests.xctest */,
				FFCFD5B62F7DE43400EAA443 /* CryptoPlusSwiftUIUITests.xctest */,
			);
			name = Products;
			sourceTree = "<group>";
		};
/* End PBXGroup section */

/* Begin PBXNativeTarget section */
		FFCFD59E2F7DE43300EAA443 /* CryptoPlusSwiftUI */ = {
			isa = PBXNativeTarget;
			buildConfigurationList = FFCFD5C02F7DE43400EAA443 /* Build configuration list for PBXNativeTarget "CryptoPlusSwiftUI" */;
			buildPhases = (
				FFCFD59B2F7DE43300EAA443 /* Sources */,
				FFCFD59C2F7DE43300EAA443 /* Frameworks */,
				FFCFD59D2F7DE43300EAA443 /* Resources */,
			);
			buildRules = (
			);
			dependencies = (
			);
			fileSystemSynchronizedGroups = (
				FFCFD5A12F7DE43300EAA443 /* CryptoPlusSwiftUI */,
			);
			name = CryptoPlusSwiftUI;
			packageProductDependencies = (
			);
			productName = CryptoPlusSwiftUI;
			productReference = FFCFD59F2F7DE43300EAA443 /* CryptoPlusSwiftUI.app */;
			productType = "com.apple.product-type.application";
		};
		FFCFD5AB2F7DE43400EAA443 /* CryptoPlusSwiftUITests */ = {
			isa = PBXNativeTarget;
			buildConfigurationList = FFCFD5C32F7DE43400EAA443 /* Build configuration list for PBXNativeTarget "CryptoPlusSwiftUITests" */;
			buildPhases = (
				FFCFD5A82F7DE43400EAA443 /* Sources */,
				FFCFD5A92F7DE43400EAA443 /* Frameworks */,
				FFCFD5AA2F7DE43400EAA443 /* Resources */,
			);
			buildRules = (
			);
			dependencies = (
				FFCFD5AE2F7DE43400EAA443 /* PBXTargetDependency */,
			);
			fileSystemSynchronizedGroups = (
				FFCFD5AF2F7DE43400EAA443 /* CryptoPlusSwiftUITests */,
			);
			name = CryptoPlusSwiftUITests;
			packageProductDependencies = (
			);
			productName = CryptoPlusSwiftUITests;
			productReference = FFCFD5AC2F7DE43400EAA443 /* CryptoPlusSwiftUITests.xctest */;
			productType = "com.apple.product-type.bundle.unit-test";
		};
		FFCFD5B52F7DE43400EAA443 /* CryptoPlusSwiftUIUITests */ = {
			isa = PBXNativeTarget;
			buildConfigurationList = FFCFD5C62F7DE43400EAA443 /* Build configuration list for PBXNativeTarget "CryptoPlusSwiftUIUITests" */;
			buildPhases = (
				FFCFD5B22F7DE43400EAA443 /* Sources */,
				FFCFD5B32F7DE43400EAA443 /* Frameworks */,
				FFCFD5B42F7DE43400EAA443 /* Resources */,
			);
			buildRules = (
			);
			dependencies = (
				FFCFD5B82F7DE43400EAA443 /* PBXTargetDependency */,
			);
			fileSystemSynchronizedGroups = (
				FFCFD5B92F7DE43400EAA443 /* CryptoPlusSwiftUIUITests */,
			);
			name = CryptoPlusSwiftUIUITests;
			packageProductDependencies = (
			);
			productName = CryptoPlusSwiftUIUITests;
			productReference = FFCFD5B62F7DE43400EAA443 /* CryptoPlusSwiftUIUITests.xctest */;
			productType = "com.apple.product-type.bundle.ui-testing";
		};
/* End PBXNativeTarget section */

/* Begin PBXProject section */
		FFCFD5972F7DE43200EAA443 /* Project object */ = {
			isa = PBXProject;
			attributes = {
				BuildIndependentTargetsInParallel = 1;
				LastSwiftUpdateCheck = 2620;
				LastUpgradeCheck = 2620;
				TargetAttributes = {
					FFCFD59E2F7DE43300EAA443 = {
						CreatedOnToolsVersion = 26.2;
					};
					FFCFD5AB2F7DE43400EAA443 = {
						CreatedOnToolsVersion = 26.2;
						TestTargetID = FFCFD59E2F7DE43300EAA443;
					};
					FFCFD5B52F7DE43400EAA443 = {
						CreatedOnToolsVersion = 26.2;
						TestTargetID = FFCFD59E2F7DE43300EAA443;
					};
				};
			};
			buildConfigurationList = FFCFD59A2F7DE43200EAA443 /* Build configuration list for PBXProject "CryptoPlusSwiftUI" */;
			developmentRegion = en;
			hasScannedForEncodings = 0;
			knownRegions = (
				en,
				Base,
			);
			mainGroup = FFCFD5962F7DE43200EAA443;
			minimizedProjectReferenceProxies = 1;
			preferredProjectObjectVersion = 77;
			productRefGroup = FFCFD5A02F7DE43300EAA443 /* Products */;
			projectDirPath = "";
			projectRoot = "";
			targets = (
				FFCFD59E2F7DE43300EAA443 /* CryptoPlusSwiftUI */,
				FFCFD5AB2F7DE43400EAA443 /* CryptoPlusSwiftUITests */,
				FFCFD5B52F7DE43400EAA443 /* CryptoPlusSwiftUIUITests */,
			);
		};
/* End PBXProject section */

/* Begin PBXResourcesBuildPhase section */
		FFCFD59D2F7DE43300EAA443 /* Resources */ = {
			isa = PBXResourcesBuildPhase;
			buildActionMask = 2147483647;
			files = (
			);
			runOnlyForDeploymentPostprocessing = 0;
		};
		FFCFD5AA2F7DE43400EAA443 /* Resources */ = {
			isa = PBXResourcesBuildPhase;
			buildActionMask = 2147483647;
			files = (
			);
			runOnlyForDeploymentPostprocessing = 0;
		};
		FFCFD5B42F7DE43400EAA443 /* Resources */ = {
			isa = PBXResourcesBuildPhase;
			buildActionMask = 2147483647;
			files = (
			);
			runOnlyForDeploymentPostprocessing = 0;
		};
/* End PBXResourcesBuildPhase section */

/* Begin PBXSourcesBuildPhase section */
		FFCFD59B2F7DE43300EAA443 /* Sources */ = {
			isa = PBXSourcesBuildPhase;
			buildActionMask = 2147483647;
			files = (
			);
			runOnlyForDeploymentPostprocessing = 0;
		};
		FFCFD5A82F7DE43400EAA443 /* Sources */ = {
			isa = PBXSourcesBuildPhase;
			buildActionMask = 2147483647;
			files = (
			);
			runOnlyForDeploymentPostprocessing = 0;
		};
		FFCFD5B22F7DE43400EAA443 /* Sources */ = {
			isa = PBXSourcesBuildPhase;
			buildActionMask = 2147483647;
			files = (
			);
			runOnlyForDeploymentPostprocessing = 0;
		};
/* End PBXSourcesBuildPhase section */

/* Begin PBXTargetDependency section */
		FFCFD5AE2F7DE43400EAA443 /* PBXTargetDependency */ = {
			isa = PBXTargetDependency;
			target = FFCFD59E2F7DE43300EAA443 /* CryptoPlusSwiftUI */;
			targetProxy = FFCFD5AD2F7DE43400EAA443 /* PBXContainerItemProxy */;
		};
		FFCFD5B82F7DE43400EAA443 /* PBXTargetDependency */ = {
			isa = PBXTargetDependency;
			target = FFCFD59E2F7DE43300EAA443 /* CryptoPlusSwiftUI */;
			targetProxy = FFCFD5B72F7DE43400EAA443 /* PBXContainerItemProxy */;
		};
/* End PBXTargetDependency section */

/* Begin XCBuildConfiguration section */
		FFCFD5BE2F7DE43400EAA443 /* Debug */ = {
			isa = XCBuildConfiguration;
			buildSettings = {
				ALWAYS_SEARCH_USER_PATHS = NO;
				ASSETCATALOG_COMPILER_GENERATE_SWIFT_ASSET_SYMBOL_EXTENSIONS = YES;
				CLANG_ANALYZER_NONNULL = YES;
				CLANG_ANALYZER_NUMBER_OBJECT_CONVERSION = YES_AGGRESSIVE;
				CLANG_CXX_LANGUAGE_STANDARD = "gnu++20";
				CLANG_ENABLE_MODULES = YES;
				CLANG_ENABLE_OBJC_ARC = YES;
				CLANG_ENABLE_OBJC_WEAK = YES;
				CLANG_WARN_BLOCK_CAPTURE_AUTORELEASING = YES;
				CLANG_WARN_BOOL_CONVERSION = YES;
				CLANG_WARN_COMMA = YES;
				CLANG_WARN_CONSTANT_CONVERSION = YES;
				CLANG_WARN_DEPRECATED_OBJC_IMPLEMENTATIONS = YES;
				CLANG_WARN_DIRECT_OBJC_ISA_USAGE = YES_ERROR;
				CLANG_WARN_DOCUMENTATION_COMMENTS = YES;
				CLANG_WARN_EMPTY_BODY = YES;
				CLANG_WARN_ENUM_CONVERSION = YES;
				CLANG_WARN_INFINITE_RECURSION = YES;
				CLANG_WARN_INT_CONVERSION = YES;
				CLANG_WARN_NON_LITERAL_NULL_CONVERSION = YES;
				CLANG_WARN_OBJC_IMPLICIT_RETAIN_SELF = YES;
				CLANG_WARN_OBJC_LITERAL_CONVERSION = YES;
				CLANG_WARN_OBJC_ROOT_CLASS = YES_ERROR;
				CLANG_WARN_QUOTED_INCLUDE_IN_FRAMEWORK_HEADER = YES;
				CLANG_WARN_RANGE_LOOP_ANALYSIS = YES;
				CLANG_WARN_STRICT_PROTOTYPES = YES;
				CLANG_WARN_SUSPICIOUS_MOVE = YES;
				CLANG_WARN_UNGUARDED_AVAILABILITY = YES_AGGRESSIVE;
				CLANG_WARN_UNREACHABLE_CODE = YES;
				CLANG_WARN__DUPLICATE_METHOD_MATCH = YES;
				COPY_PHASE_STRIP = NO;
				DEBUG_INFORMATION_FORMAT = dwarf;
				DEVELOPMENT_TEAM = T985K3P4V7;
				ENABLE_STRICT_OBJC_MSGSEND = YES;
				ENABLE_TESTABILITY = YES;
				ENABLE_USER_SCRIPT_SANDBOXING = YES;
				GCC_C_LANGUAGE_STANDARD = gnu17;
				GCC_DYNAMIC_NO_PIC = NO;
				GCC_NO_COMMON_BLOCKS = YES;
				GCC_OPTIMIZATION_LEVEL = 0;
				GCC_PREPROCESSOR_DEFINITIONS = (
					"DEBUG=1",
					"$(inherited)",
				);
				GCC_WARN_64_TO_32_BIT_CONVERSION = YES;
				GCC_WARN_ABOUT_RETURN_TYPE = YES_ERROR;
				GCC_WARN_UNDECLARED_SELECTOR = YES;
				GCC_WARN_UNINITIALIZED_AUTOS = YES_AGGRESSIVE;
				GCC_WARN_UNUSED_FUNCTION = YES;
				GCC_WARN_UNUSED_VARIABLE = YES;
				IPHONEOS_DEPLOYMENT_TARGET = 26.2;
				LOCALIZATION_PREFERS_STRING_CATALOGS = YES;
				MTL_ENABLE_DEBUG_INFO = INCLUDE_SOURCE;
				MTL_FAST_MATH = YES;
				ONLY_ACTIVE_ARCH = YES;
				SDKROOT = iphoneos;
				SWIFT_ACTIVE_COMPILATION_CONDITIONS = "DEBUG $(inherited)";
				SWIFT_OPTIMIZATION_LEVEL = "-Onone";
			};
			name = Debug;
		};
		FFCFD5BF2F7DE43400EAA443 /* Release */ = {
			isa = XCBuildConfiguration;
			buildSettings = {
				ALWAYS_SEARCH_USER_PATHS = NO;
				ASSETCATALOG_COMPILER_GENERATE_SWIFT_ASSET_SYMBOL_EXTENSIONS = YES;
				CLANG_ANALYZER_NONNULL = YES;
				CLANG_ANALYZER_NUMBER_OBJECT_CONVERSION = YES_AGGRESSIVE;
				CLANG_CXX_LANGUAGE_STANDARD = "gnu++20";
				CLANG_ENABLE_MODULES = YES;
				CLANG_ENABLE_OBJC_ARC = YES;
				CLANG_ENABLE_OBJC_WEAK = YES;
				CLANG_WARN_BLOCK_CAPTURE_AUTORELEASING = YES;
				CLANG_WARN_BOOL_CONVERSION = YES;
				CLANG_WARN_COMMA = YES;
				CLANG_WARN_CONSTANT_CONVERSION = YES;
				CLANG_WARN_DEPRECATED_OBJC_IMPLEMENTATIONS = YES;
				CLANG_WARN_DIRECT_OBJC_ISA_USAGE = YES_ERROR;
				CLANG_WARN_DOCUMENTATION_COMMENTS = YES;
				CLANG_WARN_EMPTY_BODY = YES;
				CLANG_WARN_ENUM_CONVERSION = YES;
				CLANG_WARN_INFINITE_RECURSION = YES;
				CLANG_WARN_INT_CONVERSION = YES;
				CLANG_WARN_NON_LITERAL_NULL_CONVERSION = YES;
				CLANG_WARN_OBJC_IMPLICIT_RETAIN_SELF = YES;
				CLANG_WARN_OBJC_LITERAL_CONVERSION = YES;
				CLANG_WARN_OBJC_ROOT_CLASS = YES_ERROR;
				CLANG_WARN_QUOTED_INCLUDE_IN_FRAMEWORK_HEADER = YES;
				CLANG_WARN_RANGE_LOOP_ANALYSIS = YES;
				CLANG_WARN_STRICT_PROTOTYPES = YES;
				CLANG_WARN_SUSPICIOUS_MOVE = YES;
				CLANG_WARN_UNGUARDED_AVAILABILITY = YES_AGGRESSIVE;
				CLANG_WARN_UNREACHABLE_CODE = YES;
				CLANG_WARN__DUPLICATE_METHOD_MATCH = YES;
				COPY_PHASE_STRIP = NO;
				DEBUG_INFORMATION_FORMAT = "dwarf-with-dsym";
				DEVELOPMENT_TEAM = T985K3P4V7;
				ENABLE_NS_ASSERTIONS = NO;
				ENABLE_STRICT_OBJC_MSGSEND = YES;
				ENABLE_USER_SCRIPT_SANDBOXING = YES;
				GCC_C_LANGUAGE_STANDARD = gnu17;
				GCC_NO_COMMON_BLOCKS = YES;
				GCC_WARN_64_TO_32_BIT_CONVERSION = YES;
				GCC_WARN_ABOUT_RETURN_TYPE = YES_ERROR;
				GCC_WARN_UNDECLARED_SELECTOR = YES;
				GCC_WARN_UNINITIALIZED_AUTOS = YES_AGGRESSIVE;
				GCC_WARN_UNUSED_FUNCTION = YES;
				GCC_WARN_UNUSED_VARIABLE = YES;
				IPHONEOS_DEPLOYMENT_TARGET = 26.2;
				LOCALIZATION_PREFERS_STRING_CATALOGS = YES;
				MTL_ENABLE_DEBUG_INFO = NO;
				MTL_FAST_MATH = YES;
				SDKROOT = iphoneos;
				SWIFT_COMPILATION_MODE = wholemodule;
				VALIDATE_PRODUCT = YES;
			};
			name = Release;
		};
		FFCFD5C12F7DE43400EAA443 /* Debug */ = {
			isa = XCBuildConfiguration;
			buildSettings = {
				ASSETCATALOG_COMPILER_APPICON_NAME = AppIcon;
				ASSETCATALOG_COMPILER_GLOBAL_ACCENT_COLOR_NAME = AccentColor;
				CODE_SIGN_STYLE = Automatic;
				CURRENT_PROJECT_VERSION = 1;
				DEVELOPMENT_TEAM = T985K3P4V7;
				ENABLE_PREVIEWS = YES;
				GENERATE_INFOPLIST_FILE = YES;
				INFOPLIST_KEY_UIApplicationSceneManifest_Generation = YES;
				INFOPLIST_KEY_UIApplicationSupportsIndirectInputEvents = YES;
				INFOPLIST_KEY_UILaunchScreen_Generation = YES;
				INFOPLIST_KEY_UISupportedInterfaceOrientations_iPad = "UIInterfaceOrientationPortrait UIInterfaceOrientationPortraitUpsideDown UIInterfaceOrientationLandscapeLeft UIInterfaceOrientationLandscapeRight";
				INFOPLIST_KEY_UISupportedInterfaceOrientations_iPhone = "UIInterfaceOrientationPortrait UIInterfaceOrientationLandscapeLeft UIInterfaceOrientationLandscapeRight";
				LD_RUNPATH_SEARCH_PATHS = (
					"$(inherited)",
					"@executable_path/Frameworks",
				);
				MARKETING_VERSION = 1.0;
				PRODUCT_BUNDLE_IDENTIFIER = com.omerapaydin.CryptoPlusSwiftUI;
				PRODUCT_NAME = "$(TARGET_NAME)";
				STRING_CATALOG_GENERATE_SYMBOLS = YES;
				SWIFT_APPROACHABLE_CONCURRENCY = YES;
				SWIFT_DEFAULT_ACTOR_ISOLATION = MainActor;
				SWIFT_EMIT_LOC_STRINGS = YES;
				SWIFT_UPCOMING_FEATURE_MEMBER_IMPORT_VISIBILITY = YES;
				SWIFT_VERSION = 5.0;
				TARGETED_DEVICE_FAMILY = "1,2";
			};
			name = Debug;
		};
		FFCFD5C22F7DE43400EAA443 /* Release */ = {
			isa = XCBuildConfiguration;
			buildSettings = {
				ASSETCATALOG_COMPILER_APPICON_NAME = AppIcon;
				ASSETCATALOG_COMPILER_GLOBAL_ACCENT_COLOR_NAME = AccentColor;
				CODE_SIGN_STYLE = Automatic;
				CURRENT_PROJECT_VERSION = 1;
				DEVELOPMENT_TEAM = T985K3P4V7;
				ENABLE_PREVIEWS = YES;
				GENERATE_INFOPLIST_FILE = YES;
				INFOPLIST_KEY_UIApplicationSceneManifest_Generation = YES;
				INFOPLIST_KEY_UIApplicationSupportsIndirectInputEvents = YES;
				INFOPLIST_KEY_UILaunchScreen_Generation = YES;
				INFOPLIST_KEY_UISupportedInterfaceOrientations_iPad = "UIInterfaceOrientationPortrait UIInterfaceOrientationPortraitUpsideDown UIInterfaceOrientationLandscapeLeft UIInterfaceOrientationLandscapeRight";
				INFOPLIST_KEY_UISupportedInterfaceOrientations_iPhone = "UIInterfaceOrientationPortrait UIInterfaceOrientationLandscapeLeft UIInterfaceOrientationLandscapeRight";
				LD_RUNPATH_SEARCH_PATHS = (
					"$(inherited)",
					"@executable_path/Frameworks",
				);
				MARKETING_VERSION = 1.0;
				PRODUCT_BUNDLE_IDENTIFIER = com.omerapaydin.CryptoPlusSwiftUI;
				PRODUCT_NAME = "$(TARGET_NAME)";
				STRING_CATALOG_GENERATE_SYMBOLS = YES;
				SWIFT_APPROACHABLE_CONCURRENCY = YES;
				SWIFT_DEFAULT_ACTOR_ISOLATION = MainActor;
				SWIFT_EMIT_LOC_STRINGS = YES;
				SWIFT_UPCOMING_FEATURE_MEMBER_IMPORT_VISIBILITY = YES;
				SWIFT_VERSION = 5.0;
				TARGETED_DEVICE_FAMILY = "1,2";
			};
			name = Release;
		};
		FFCFD5C42F7DE43400EAA443 /* Debug */ = {
			isa = XCBuildConfiguration;
			buildSettings = {
				BUNDLE_LOADER = "$(TEST_HOST)";
				CODE_SIGN_STYLE = Automatic;
				CURRENT_PROJECT_VERSION = 1;
				DEVELOPMENT_TEAM = T985K3P4V7;
				GENERATE_INFOPLIST_FILE = YES;
				IPHONEOS_DEPLOYMENT_TARGET = 26.2;
				MARKETING_VERSION = 1.0;
				PRODUCT_BUNDLE_IDENTIFIER = com.omerapaydin.CryptoPlusSwiftUITests;
				PRODUCT_NAME = "$(TARGET_NAME)";
				STRING_CATALOG_GENERATE_SYMBOLS = NO;
				SWIFT_APPROACHABLE_CONCURRENCY = YES;
				SWIFT_EMIT_LOC_STRINGS = NO;
				SWIFT_UPCOMING_FEATURE_MEMBER_IMPORT_VISIBILITY = YES;
				SWIFT_VERSION = 5.0;
				TARGETED_DEVICE_FAMILY = "1,2";
				TEST_HOST = "$(BUILT_PRODUCTS_DIR)/CryptoPlusSwiftUI.app/$(BUNDLE_EXECUTABLE_FOLDER_PATH)/CryptoPlusSwiftUI";
			};
			name = Debug;
		};
		FFCFD5C52F7DE43400EAA443 /* Release */ = {
			isa = XCBuildConfiguration;
			buildSettings = {
				BUNDLE_LOADER = "$(TEST_HOST)";
				CODE_SIGN_STYLE = Automatic;
				CURRENT_PROJECT_VERSION = 1;
				DEVELOPMENT_TEAM = T985K3P4V7;
				GENERATE_INFOPLIST_FILE = YES;
				IPHONEOS_DEPLOYMENT_TARGET = 26.2;
				MARKETING_VERSION = 1.0;
				PRODUCT_BUNDLE_IDENTIFIER = com.omerapaydin.CryptoPlusSwiftUITests;
				PRODUCT_NAME = "$(TARGET_NAME)";
				STRING_CATALOG_GENERATE_SYMBOLS = NO;
				SWIFT_APPROACHABLE_CONCURRENCY = YES;
				SWIFT_EMIT_LOC_STRINGS = NO;
				SWIFT_UPCOMING_FEATURE_MEMBER_IMPORT_VISIBILITY = YES;
				SWIFT_VERSION = 5.0;
				TARGETED_DEVICE_FAMILY = "1,2";
				TEST_HOST = "$(BUILT_PRODUCTS_DIR)/CryptoPlusSwiftUI.app/$(BUNDLE_EXECUTABLE_FOLDER_PATH)/CryptoPlusSwiftUI";
			};
			name = Release;
		};
		FFCFD5C72F7DE43400EAA443 /* Debug */ = {
			isa = XCBuildConfiguration;
			buildSettings = {
				CODE_SIGN_STYLE = Automatic;
				CURRENT_PROJECT_VERSION = 1;
				DEVELOPMENT_TEAM = T985K3P4V7;
				GENERATE_INFOPLIST_FILE = YES;
				MARKETING_VERSION = 1.0;
				PRODUCT_BUNDLE_IDENTIFIER = com.omerapaydin.CryptoPlusSwiftUIUITests;
				PRODUCT_NAME = "$(TARGET_NAME)";
				STRING_CATALOG_GENERATE_SYMBOLS = NO;
				SWIFT_APPROACHABLE_CONCURRENCY = YES;
				SWIFT_EMIT_LOC_STRINGS = NO;
				SWIFT_UPCOMING_FEATURE_MEMBER_IMPORT_VISIBILITY = YES;
				SWIFT_VERSION = 5.0;
				TARGETED_DEVICE_FAMILY = "1,2";
				TEST_TARGET_NAME = CryptoPlusSwiftUI;
			};
			name = Debug;
		};
		FFCFD5C82F7DE43400EAA443 /* Release */ = {
			isa = XCBuildConfiguration;
			buildSettings = {
				CODE_SIGN_STYLE = Automatic;
				CURRENT_PROJECT_VERSION = 1;
				DEVELOPMENT_TEAM = T985K3P4V7;
				GENERATE_INFOPLIST_FILE = YES;
				MARKETING_VERSION = 1.0;
				PRODUCT_BUNDLE_IDENTIFIER = com.omerapaydin.CryptoPlusSwiftUIUITests;
				PRODUCT_NAME = "$(TARGET_NAME)";
				STRING_CATALOG_GENERATE_SYMBOLS = NO;
				SWIFT_APPROACHABLE_CONCURRENCY = YES;
				SWIFT_EMIT_LOC_STRINGS = NO;
				SWIFT_UPCOMING_FEATURE_MEMBER_IMPORT_VISIBILITY = YES;
				SWIFT_VERSION = 5.0;
				TARGETED_DEVICE_FAMILY = "1,2";
				TEST_TARGET_NAME = CryptoPlusSwiftUI;
			};
			name = Release;
		};
/* End XCBuildConfiguration section */

/* Begin XCConfigurationList section */
		FFCFD59A2F7DE43200EAA443 /* Build configuration list for PBXProject "CryptoPlusSwiftUI" */ = {
			isa = XCConfigurationList;
			buildConfigurations = (
				FFCFD5BE2F7DE43400EAA443 /* Debug */,
				FFCFD5BF2F7DE43400EAA443 /* Release */,
			);
			defaultConfigurationIsVisible = 0;
			defaultConfigurationName = Release;
		};
		FFCFD5C02F7DE43400EAA443 /* Build configuration list for PBXNativeTarget "CryptoPlusSwiftUI" */ = {
			isa = XCConfigurationList;
			buildConfigurations = (
				FFCFD5C12F7DE43400EAA443 /* Debug */,
				FFCFD5C22F7DE43400EAA443 /* Release */,
			);
			defaultConfigurationIsVisible = 0;
			defaultConfigurationName = Release;
		};
		FFCFD5C32F7DE43400EAA443 /* Build configuration list for PBXNativeTarget "CryptoPlusSwiftUITests" */ = {
			isa = XCConfigurationList;
			buildConfigurations = (
				FFCFD5C42F7DE43400EAA443 /* Debug */,
				FFCFD5C52F7DE43400EAA443 /* Release */,
			);
			defaultConfigurationIsVisible = 0;
			defaultConfigurationName = Release;
		};
		FFCFD5C62F7DE43400EAA443 /* Build configuration list for PBXNativeTarget "CryptoPlusSwiftUIUITests" */ = {
			isa = XCConfigurationList;
			buildConfigurations = (
				FFCFD5C72F7DE43400EAA443 /* Debug */,
				FFCFD5C82F7DE43400EAA443 /* Release */,
			);
			defaultConfigurationIsVisible = 0;
			defaultConfigurationName = Release;
		};
/* End XCConfigurationList section */
	};
	rootObject = FFCFD5972F7DE43200EAA443 /* Project object */;
}
